<?xml version="1.0" encoding="utf-8"?>
<Project ToolsVersion="4.0" xmlns="http://schemas.microsoft.com/developer/msbuild/2003">
  <ItemGroup>
    <Filter Include="Source Files">
      <UniqueIdentifier>{4FC737F1-C7A5-4376-A066-2A32D752A2FF}</UniqueIdentifier>
      <Extensions>cpp;c;cc;cxx;def;odl;idl;hpj;bat;asm;asmx</Extensions>
    </Filter>
    <Filter Include="Header Files">
      <UniqueIdentifier>{93995380-89BD-4b04-88EB-625FBE52EBFB}</UniqueIdentifier>
      <Extensions>h;hpp;hxx;hm;inl;inc;xsd</Extensions>
    </Filter>
    <Filter Include="Resource Files">
      <UniqueIdentifier>{67DA6AB6-F800-4c08-8B7A-83BB121AAD01}</UniqueIdentifier>
      <Extensions>rc;ico;cur;bmp;dlg;rc2;rct;bin;rgs;gif;jpg;jpeg;jpe;resx;tiff;tif;png;wav</Extensions>
    </Filter>
    <Filter Include="Header Files\vcl-shim">
      <UniqueIdentifier>{a2c3dea1-8378-430f-93f4-71c5cdc78e22}</UniqueIdentifier>
    </Filter>
    <Filter Include="Source Files\vcl-shim">
      <UniqueIdentifier>{84e53d53-8dfd-44f1-aa70-0b90db2c8f17}</UniqueIdentifier>
    </Filter>
  </ItemGroup>
  <ItemGroup>
    <ClCompile Include="main.cpp">
      <Filter>Source Files</Filter>
    </ClCompile>
    <ClCompile Include="addgame.cpp">
      <Filter>Source Files</Filter>
    </ClCompile>
    <ClCompile Include="addgame.form.cpp">
      <Filter>Source Files</Filter>
    </ClCompile>
    <ClCompile Include="commands.cpp">
      <Filter>Source Files</Filter>
    </ClCompile>
    <ClCompile Include="decompress.cpp">
      <Filter>Source Files</Filter>
    </ClCompile>
    <ClCompile Include="dirdialog.cpp">
      <Filter>Source Files</Filter>
    </ClCompile>
    <ClCompile Include="gbinjectb.cpp">
      <Filter>Source Files</Filter>
    </ClCompile>
    <ClCompile Include="main.form.cpp">
      <Filter>Source Files</Filter>
    </ClCompile>
    <ClCompile Include="makerom.cpp">
      <Filter>Source Files</Filter>
    </ClCompile>
    <ClCompile Include="verdef.cpp">
      <Filter>Source Files</Filter>
    </ClCompile>
    <ClCompile Include="vcl-shim\Form.cpp">
      <Filter>Header Files\vcl-shim</Filter>
    </ClCompile>
    <ClCompile Include="vcl-shim\vcl-shim.cpp">
      <Filter>Source Files\vcl-shim</Filter>
    </ClCompile>
  </ItemGroup>
  <ItemGroup>
    <ClInclude Include="main.h">
      <Filter>Header Files</Filter>
    </ClInclude>
    <ClInclude Include="addgame.h">
      <Filter>Header Files</Filter>
    </ClInclude>
    <ClInclude Include="addgame.res.h">
      <Filter>Header Files</Filter>
    </ClInclude>
    <ClInclude Include="commands.h">
      <Filter>Header Files</Filter>
    </ClInclude>
    <ClInclude Include="decompress.h">
      <Filter>Header Files</Filter>
    </ClInclude>
    <ClInclude Include="dirdialog.h">
      <Filter>Header Files</Filter>
    </ClInclude>
    <ClInclude Include="main.res.h">
      <Filter>Header Files</Filter>
    </ClInclude>
    <ClInclude Include="makerom.h">
      <Filter>Header Files</Filter>
    </ClInclude>
    <ClInclude Include="verdef.h">
      <Filter>Header Files</Filter>
    </ClInclude>
    <ClInclude Include="resource.h">
      <Filter>Header Files</Filter>
    </ClInclude>
    <ClInclude Include="vcl-shim\AnsiString.h">
      <Filter>Header Files\vcl-shim</Filter>
    </ClInclude>
    <ClInclude Include="vcl-shim\ComboBox.h">
      <Filter>Header Files\vcl-shim</Filter>
    </ClInclude>
    <ClInclude Include="vcl-shim\Form.h">
      <Filter>Header Files\vcl-shim</Filter>
    </ClInclude>
    <ClInclude Include="vcl-shim\ListBox.h">
      <Filter>Header Files\vcl-shim</Filter>
    </ClInclude>
    <ClInclude Include="vcl-shim\StdCtrls.h">
      <Filter>Header Files\vcl-shim</Filter>
    </ClInclude>
    <ClInclude Include="vcl-shim\vcl-shim.h">
      <Filter>Header Files\vcl-shim</Filter>
    </ClInclude>
  </ItemGroup>
  <ItemGroup>
    <ResourceCompile Include="addgame.rc">
      <Filter>Resource Files</Filter>
    </ResourceCompile>
    <ResourceCompile Include="gbinjectb.rc">
      <Filter>Resource Files</Filter>
    </ResourceCompile>
    <ResourceCompile Include="main.rc">
      <Filter>Resource Files</Filter>
    </ResourceCompile>
  </ItemGroup>
</Project>