<?xml version="1.0" encoding="utf-8"?>
<Project ToolsVersion="4.0" xmlns="http://schemas.microsoft.com/developer/msbuild/2003">
  <ItemGroup>
    <ClCompile Include="wingui.c">
      <Filter>Source Files</Filter>
    </ClCompile>
    <ClCompile Include="agimain.c">
      <Filter>Source Files</Filter>
    </ClCompile>
    <ClCompile Include="cmdagi.c">
      <Filter>Source Files</Filter>
    </ClCompile>
    <ClCompile Include="cmdtest.c">
      <Filter>Source Files</Filter>
    </ClCompile>
    <ClCompile Include="commands.c">
      <Filter>Source Files</Filter>
    </ClCompile>
    <ClCompile Include="errmsg.c">
      <Filter>Source Files</Filter>
    </ClCompile>
    <ClCompile Include="gamedata.c">
      <Filter>Source Files</Filter>
    </ClCompile>
    <ClCompile Include="input.c">
      <Filter>Source Files</Filter>
    </ClCompile>
    <ClCompile Include="interrupts.c">
      <Filter>Source Files</Filter>
    </ClCompile>
    <ClCompile Include="invobj.c">
      <Filter>Source Files</Filter>
    </ClCompile>
    <ClCompile Include="keyboard.c">
      <Filter>Source Files</Filter>
    </ClCompile>
    <ClCompile Include="logic.c">
      <Filter>Source Files</Filter>
    </ClCompile>
    <ClCompile Include="main.c">
      <Filter>Source Files</Filter>
    </ClCompile>
    <ClCompile Include="menu.c">
      <Filter>Source Files</Filter>
    </ClCompile>
    <ClCompile Include="parse.c">
      <Filter>Source Files</Filter>
    </ClCompile>
    <ClCompile Include="picture.c">
      <Filter>Source Files</Filter>
    </ClCompile>
    <ClCompile Include="saverestore.c">
      <Filter>Source Files</Filter>
    </ClCompile>
    <ClCompile Include="screen.c">
      <Filter>Source Files</Filter>
    </ClCompile>
    <ClCompile Include="status.c">
      <Filter>Source Files</Filter>
    </ClCompile>
    <ClCompile Include="system.c">
      <Filter>Source Files</Filter>
    </ClCompile>
    <ClCompile Include="text.c">
      <Filter>Source Files</Filter>
    </ClCompile>
    <ClCompile Include="variables.c">
      <Filter>Source Files</Filter>
    </ClCompile>
    <ClCompile Include="views.c">
      <Filter>Source Files</Filter>
    </ClCompile>
  </ItemGroup>
  <ItemGroup>
    <Filter Include="Source Files">
      <UniqueIdentifier>{72bc7ecb-405f-4fcb-8226-82f3f277f1b7}</UniqueIdentifier>
    </Filter>
    <Filter Include="Header Files">
      <UniqueIdentifier>{2239d4c5-e19e-4fb2-89f1-47667502c39b}</UniqueIdentifier>
    </Filter>
  </ItemGroup>
  <ItemGroup>
    <ClInclude Include="agimain.h">
      <Filter>Header Files</Filter>
    </ClInclude>
    <ClInclude Include="commands.h">
      <Filter>Header Files</Filter>
    </ClInclude>
    <ClInclude Include="errmsg.h">
      <Filter>Header Files</Filter>
    </ClInclude>
    <ClInclude Include="gamedata.h">
      <Filter>Header Files</Filter>
    </ClInclude>
    <ClInclude Include="gba.h">
      <Filter>Header Files</Filter>
    </ClInclude>
    <ClInclude Include="gbagi.h">
      <Filter>Header Files</Filter>
    </ClInclude>
    <ClInclude Include="input.h">
      <Filter>Header Files</Filter>
    </ClInclude>
    <ClInclude Include="invobj.h">
      <Filter>Header Files</Filter>
    </ClInclude>
    <ClInclude Include="keyboard.h">
      <Filter>Header Files</Filter>
    </ClInclude>
    <ClInclude Include="keypad.h">
      <Filter>Header Files</Filter>
    </ClInclude>
    <ClInclude Include="logic.h">
      <Filter>Header Files</Filter>
    </ClInclude>
    <ClInclude Include="menu.h">
      <Filter>Header Files</Filter>
    </ClInclude>
    <ClInclude Include="parse.h">
      <Filter>Header Files</Filter>
    </ClInclude>
    <ClInclude Include="picture.h">
      <Filter>Header Files</Filter>
    </ClInclude>
    <ClInclude Include="saverestore.h">
      <Filter>Header Files</Filter>
    </ClInclude>
    <ClInclude Include="screen.h">
      <Filter>Header Files</Filter>
    </ClInclude>
    <ClInclude Include="screenmode.h">
      <Filter>Header Files</Filter>
    </ClInclude>
    <ClInclude Include="status.h">
      <Filter>Header Files</Filter>
    </ClInclude>
    <ClInclude Include="system.h">
      <Filter>Header Files</Filter>
    </ClInclude>
    <ClInclude Include="text.h">
      <Filter>Header Files</Filter>
    </ClInclude>
    <ClInclude Include="types.h">
      <Filter>Header Files</Filter>
    </ClInclude>
    <ClInclude Include="variables.h">
      <Filter>Header Files</Filter>
    </ClInclude>
    <ClInclude Include="views.h">
      <Filter>Header Files</Filter>
    </ClInclude>
    <ClInclude Include="wingui.h">
      <Filter>Header Files</Filter>
    </ClInclude>
  </ItemGroup>
</Project>